lockfileVersion: '9.0'

settings:
  autoInstallPeers: true
  excludeLinksFromLockfile: false

overrides:
  vite: npm:rolldown-vite@7.1.14

importers:

  .:
    dependencies:
      seedrandom:
        specifier: ^3.0.5
        version: 3.0.5
      vue:
        specifier: ^3.5.22
        version: 3.5.23(typescript@5.9.3)
      vue-confetti-explosion:
        specifier: ^1.0.2
        version: 1.0.2(vue@3.5.23(typescript@5.9.3))
    devDependencies:
      '@tailwindcss/vite':
        specifier: ^4.1.17
        version: 4.1.17(rolldown-vite@7.1.14(@types/node@24.10.0)(jiti@2.6.1))
      '@types/node':
        specifier: ^24.6.0
        version: 24.10.0
      '@vitejs/plugin-vue':
        specifier: ^6.0.1
        version: 6.0.1(rolldown-vite@7.1.14(@types/node@24.10.0)(jiti@2.6.1))(vue@3.5.23(typescript@5.9.3))
      '@vue/tsconfig':
        specifier: ^0.8.1
        version: 0.8.1(typescript@5.9.3)(vue@3.5.23(typescript@5.9.3))
      gh-pages:
        specifier: ^6.3.0
        version: 6.3.0
      tailwindcss:
        specifier: ^4.1.17
        version: 4.1.17
      ts-node:
        specifier: ^10.9.2
        version: 10.9.2(@types/node@24.10.0)(typescript@5.9.3)
      typescript:
        specifier: ~5.9.3
        version: 5.9.3
      vite:
        specifier: npm:rolldown-vite@7.1.14
        version: rolldown-vite@7.1.14(@types/node@24.10.0)(jiti@2.6.1)
      vue-tsc:
        specifier: ^3.1.0
        version: 3.1.3(typescript@5.9.3)

packages:

  '@babel/helper-string-parser@7.27.1':
    resolution: {integrity: sha512-qMlSxKbpRlAridDExk92nSobyDdpPijUq2DW6oDnUqd0iOGxmQjyqhMIihI9+zv4LPyZdRje2cavWPbCbWm3eA==}
    engines: {node: '>=6.9.0'}

  '@babel/helper-validator-identifier@7.28.5':
    resolution: {integrity: sha512-qSs4ifwzKJSV39ucNjsvc6WVHs6b7S03sOh2OcHF9UHfVPqWWALUsNUVzhSBiItjRZoLHx7nIarVjqKVusUZ1Q==}
    engines: {node: '>=6.9.0'}

  '@babel/parser@7.28.5':
    resolution: {integrity: sha512-KKBU1VGYR7ORr3At5HAtUQ+TV3SzRCXmA/8OdDZiLDBIZxVyzXuztPjfLd3BV1PRAQGCMWWSHYhL0F8d5uHBDQ==}
    engines: {node: '>=6.0.0'}
    hasBin: true

  '@babel/types@7.28.5':
    resolution: {integrity: sha512-qQ5m48eI/MFLQ5PxQj4PFaprjyCTLI37ElWMmNs0K8Lk3dVeOdNpB3ks8jc7yM5CDmVC73eMVk/trk3fgmrUpA==}
    engines: {node: '>=6.9.0'}

  '@cspotcode/source-map-support@0.8.1':
    resolution: {integrity: sha512-IchNf6dN4tHoMFIn/7OE8LWZ19Y6q/67Bmf6vnGREv8RSbBVb9LPJxEcnwrcwX6ixSvaiGoomAUvu4YSxXrVgw==}
    engines: {node: '>=12'}

  '@emnapi/core@1.7.0':
    resolution: {integrity: sha512-pJdKGq/1iquWYtv1RRSljZklxHCOCAJFJrImO5ZLKPJVJlVUcs8yFwNQlqS0Lo8xT1VAXXTCZocF9n26FWEKsw==}

  '@emnapi/runtime@1.7.0':
    resolution: {integrity: sha512-oAYoQnCYaQZKVS53Fq23ceWMRxq5EhQsE0x0RdQ55jT7wagMu5k+fS39v1fiSLrtrLQlXwVINenqhLMtTrV/1Q==}

  '@emnapi/wasi-threads@1.1.0':
    resolution: {integrity: sha512-WI0DdZ8xFSbgMjR1sFsKABJ/C5OnRrjT06JXbZKexJGrDuPTzZdDYfFlsgcCXCyf+suG5QU2e/y1Wo2V/OapLQ==}

  '@jridgewell/gen-mapping@0.3.13':
    resolution: {integrity: sha512-2kkt/7niJ6MgEPxF0bYdQ6etZaA+fQvDcLKckhy1yIQOzaoKjBBjSj63/aLVjYE3qhRt5dvM+uUyfCg6UKCBbA==}

  '@jridgewell/remapping@2.3.5':
    resolution: {integrity: sha512-LI9u/+laYG4Ds1TDKSJW2YPrIlcVYOwi2fUC6xB43lueCjgxV4lffOCZCtYFiH6TNOX+tQKXx97T4IKHbhyHEQ==}

  '@jridgewell/resolve-uri@3.1.2':
    resolution: {integrity: sha512-bRISgCIjP20/tbWSPWMEi54QVPRZExkuD9lJL+UIxUKtwVJA8wW1Trb1jMs1RFXo1CBTNZ/5hpC9QvmKWdopKw==}
    engines: {node: '>=6.0.0'}

  '@jridgewell/sourcemap-codec@1.5.5':
    resolution: {integrity: sha512-cYQ9310grqxueWbl+WuIUIaiUaDcj7WOq5fVhEljNVgRfOUhY9fy2zTvfoqWsnebh8Sl70VScFbICvJnLKB0Og==}

  '@jridgewell/trace-mapping@0.3.31':
    resolution: {integrity: sha512-zzNR+SdQSDJzc8joaeP8QQoCQr8NuYx2dIIytl1QeBEZHJ9uW6hebsrYgbz8hJwUQao3TWCMtmfV8Nu1twOLAw==}

  '@jridgewell/trace-mapping@0.3.9':
    resolution: {integrity: sha512-3Belt6tdc8bPgAtbcmdtNJlirVoTmEb5e2gC94PnkwEW9jI6CAHUeoG85tjWP5WquqfavoMtMwiG4P926ZKKuQ==}

  '@napi-rs/wasm-runtime@1.0.7':
    resolution: {integrity: sha512-SeDnOO0Tk7Okiq6DbXmmBODgOAb9dp9gjlphokTUxmt8U3liIP1ZsozBahH69j/RJv+Rfs6IwUKHTgQYJ/HBAw==}

  '@nodelib/fs.scandir@2.1.5':
    resolution: {integrity: sha512-vq24Bq3ym5HEQm2NKCr3yXDwjc7vTsEThRDnkp2DK9p1uqLR+DHurm/NOTo0KG7HYHU7eppKZj3MyqYuMBf62g==}
    engines: {node: '>= 8'}

  '@nodelib/fs.stat@2.0.5':
    resolution: {integrity: sha512-RkhPPp2zrqDAQA/2jNhnztcPAlv64XdhIp7a7454A5ovI7Bukxgt7MX7udwAu3zg1DcpPU0rz3VV1SeaqvY4+A==}
    engines: {node: '>= 8'}

  '@nodelib/fs.walk@1.2.8':
    resolution: {integrity: sha512-oGB+UxlgWcgQkgwo8GcEGwemoTFt3FIO9ababBmaGwXIoBKZ+GTy0pP185beGg7Llih/NSHSV2XAs1lnznocSg==}
    engines: {node: '>= 8'}

  '@oxc-project/runtime@0.92.0':
    resolution: {integrity: sha512-Z7x2dZOmznihvdvCvLKMl+nswtOSVxS2H2ocar+U9xx6iMfTp0VGIrX6a4xB1v80IwOPC7dT1LXIJrY70Xu3Jw==}
    engines: {node: ^20.19.0 || >=22.12.0}

  '@oxc-project/types@0.93.0':
    resolution: {integrity: sha512-yNtwmWZIBtJsMr5TEfoZFDxIWV6OdScOpza/f5YxbqUMJk+j6QX3Cf3jgZShGEFYWQJ5j9mJ6jM0tZHu2J9Yrg==}

  '@rolldown/binding-android-arm64@1.0.0-beta.41':
    resolution: {integrity: sha512-Edflndd9lU7JVhVIvJlZhdCj5DkhYDJPIRn4Dx0RUdfc8asP9xHOI5gMd8MesDDx+BJpdIT/uAmVTearteU/mQ==}
    engines: {node: ^20.19.0 || >=22.12.0}
    cpu: [arm64]
    os: [android]

  '@rolldown/binding-darwin-arm64@1.0.0-beta.41':
    resolution: {integrity: sha512-XGCzqfjdk7550PlyZRTBKbypXrB7ATtXhw/+bjtxnklLQs0mKP/XkQVOKyn9qGKSlvH8I56JLYryVxl0PCvSNw==}
    engines: {node: ^20.19.0 || >=22.12.0}
    cpu: [arm64]
    os: [darwin]

  '@rolldown/binding-darwin-x64@1.0.0-beta.41':
    resolution: {integrity: sha512-Ho6lIwGJed98zub7n0xcRKuEtnZgbxevAmO4x3zn3C3N4GVXZD5xvCvTVxSMoeBJwTcIYzkVDRTIhylQNsTgLQ==}
    engines: {node: ^20.19.0 || >=22.12.0}
    cpu: [x64]
    os: [darwin]

  '@rolldown/binding-freebsd-x64@1.0.0-beta.41':
    resolution: {integrity: sha512-ijAZETywvL+gACjbT4zBnCp5ez1JhTRs6OxRN4J+D6AzDRbU2zb01Esl51RP5/8ZOlvB37xxsRQ3X4YRVyYb3g==}
    engines: {node: ^20.19.0 || >=22.12.0}
    cpu: [x64]
    os: [freebsd]

  '@rolldown/binding-linux-arm-gnueabihf@1.0.0-beta.41':
    resolution: {integrity: sha512-EgIOZt7UildXKFEFvaiLNBXm+4ggQyGe3E5Z1QP9uRcJJs9omihOnm897FwOBQdCuMvI49iBgjFrkhH+wMJ2MA==}
    engines: {node: ^20.19.0 || >=22.12.0}
    cpu: [arm]
    os: [linux]

  '@rolldown/binding-linux-arm64-gnu@1.0.0-beta.41':
    resolution: {integrity: sha512-F8bUwJq8v/JAU8HSwgF4dztoqJ+FjdyjuvX4//3+Fbe2we9UktFeZ27U4lRMXF1vxWtdV4ey6oCSqI7yUrSEeg==}
    engines: {node: ^20.19.0 || >=22.12.0}
    cpu: [arm64]
    os: [linux]
    libc: [glibc]

  '@rolldown/binding-linux-arm64-musl@1.0.0-beta.41':
    resolution: {integrity: sha512-MioXcCIX/wB1pBnBoJx8q4OGucUAfC1+/X1ilKFsjDK05VwbLZGRgOVD5OJJpUQPK86DhQciNBrfOKDiatxNmg==}
    engines: {node: ^20.19.0 || >=22.12.0}
    cpu: [arm64]
    os: [linux]
    libc: [musl]

  '@rolldown/binding-linux-x64-gnu@1.0.0-beta.41':
    resolution: {integrity: sha512-m66M61fizvRCwt5pOEiZQMiwBL9/y0bwU/+Kc4Ce/Pef6YfoEkR28y+DzN9rMdjo8Z28NXjsDPq9nH4mXnAP0g==}
    engines: {node: ^20.19.0 || >=22.12.0}
    cpu: [x64]
    os: [linux]
    libc: [glibc]

  '@rolldown/binding-linux-x64-musl@1.0.0-beta.41':
    resolution: {integrity: sha512-yRxlSfBvWnnfrdtJfvi9lg8xfG5mPuyoSHm0X01oiE8ArmLRvoJGHUTJydCYz+wbK2esbq5J4B4Tq9WAsOlP1Q==}
    engines: {node: ^20.19.0 || >=22.12.0}
    cpu: [x64]
    os: [linux]
    libc: [musl]

  '@rolldown/binding-openharmony-arm64@1.0.0-beta.41':
    resolution: {integrity: sha512-PHVxYhBpi8UViS3/hcvQQb9RFqCtvFmFU1PvUoTRiUdBtgHA6fONNHU4x796lgzNlVSD3DO/MZNk1s5/ozSMQg==}
    engines: {node: ^20.19.0 || >=22.12.0}
    cpu: [arm64]
    os: [openharmony]

  '@rolldown/binding-wasm32-wasi@1.0.0-beta.41':
    resolution: {integrity: sha512-OAfcO37ME6GGWmj9qTaDT7jY4rM0T2z0/8ujdQIJQ2x2nl+ztO32EIwURfmXOK0U1tzkyuaKYvE34Pug/ucXlQ==}
    engines: {node: '>=14.0.0'}
    cpu: [wasm32]

  '@rolldown/binding-win32-arm64-msvc@1.0.0-beta.41':
    resolution: {integrity: sha512-NIYGuCcuXaq5BC4Q3upbiMBvmZsTsEPG9k/8QKQdmrch+ocSy5Jv9tdpdmXJyighKqm182nh/zBt+tSJkYoNlg==}
    engines: {node: ^20.19.0 || >=22.12.0}
    cpu: [arm64]
    os: [win32]

  '@rolldown/binding-win32-ia32-msvc@1.0.0-beta.41':
    resolution: {integrity: sha512-kANdsDbE5FkEOb5NrCGBJBCaZ2Sabp3D7d4PRqMYJqyLljwh9mDyYyYSv5+QNvdAmifj+f3lviNEUUuUZPEFPw==}
    engines: {node: ^20.19.0 || >=22.12.0}
    cpu: [ia32]
    os: [win32]

  '@rolldown/binding-win32-x64-msvc@1.0.0-beta.41':
    resolution: {integrity: sha512-UlpxKmFdik0Y2VjZrgUCgoYArZJiZllXgIipdBRV1hw6uK45UbQabSTW6Kp6enuOu7vouYWftwhuxfpE8J2JAg==}
    engines: {node: ^20.19.0 || >=22.12.0}
    cpu: [x64]
    os: [win32]

  '@rolldown/pluginutils@1.0.0-beta.29':
    resolution: {integrity: sha512-NIJgOsMjbxAXvoGq/X0gD7VPMQ8j9g0BiDaNjVNVjvl+iKXxL3Jre0v31RmBYeLEmkbj2s02v8vFTbUXi5XS2Q==}

  '@rolldown/pluginutils@1.0.0-beta.41':
    resolution: {integrity: sha512-ycMEPrS3StOIeb87BT3/+bu+blEtyvwQ4zmo2IcJQy0Rd1DAAhKksA0iUZ3MYSpJtjlPhg0Eo6mvVS6ggPhRbw==}

  '@tailwindcss/node@4.1.17':
    resolution: {integrity: sha512-csIkHIgLb3JisEFQ0vxr2Y57GUNYh447C8xzwj89U/8fdW8LhProdxvnVH6U8M2Y73QKiTIH+LWbK3V2BBZsAg==}

  '@tailwindcss/oxide-android-arm64@4.1.17':
    resolution: {integrity: sha512-BMqpkJHgOZ5z78qqiGE6ZIRExyaHyuxjgrJ6eBO5+hfrfGkuya0lYfw8fRHG77gdTjWkNWEEm+qeG2cDMxArLQ==}
    engines: {node: '>= 10'}
    cpu: [arm64]
    os: [android]

  '@tailwindcss/oxide-darwin-arm64@4.1.17':
    resolution: {integrity: sha512-EquyumkQweUBNk1zGEU/wfZo2qkp/nQKRZM8bUYO0J+Lums5+wl2CcG1f9BgAjn/u9pJzdYddHWBiFXJTcxmOg==}
    engines: {node: '>= 10'}
    cpu: [arm64]
    os: [darwin]

  '@tailwindcss/oxide-darwin-x64@4.1.17':
    resolution: {integrity: sha512-gdhEPLzke2Pog8s12oADwYu0IAw04Y2tlmgVzIN0+046ytcgx8uZmCzEg4VcQh+AHKiS7xaL8kGo/QTiNEGRog==}
    engines: {node: '>= 10'}
    cpu: [x64]
    os: [darwin]

  '@tailwindcss/oxide-freebsd-x64@4.1.17':
    resolution: {integrity: sha512-hxGS81KskMxML9DXsaXT1H0DyA+ZBIbyG/sSAjWNe2EDl7TkPOBI42GBV3u38itzGUOmFfCzk1iAjDXds8Oh0g==}
    engines: {node: '>= 10'}
    cpu: [x64]
    os: [freebsd]

  '@tailwindcss/oxide-linux-arm-gnueabihf@4.1.17':
    resolution: {integrity: sha512-k7jWk5E3ldAdw0cNglhjSgv501u7yrMf8oeZ0cElhxU6Y2o7f8yqelOp3fhf7evjIS6ujTI3U8pKUXV2I4iXHQ==}
    engines: {node: '>= 10'}
    cpu: [arm]
    os: [linux]

  '@tailwindcss/oxide-linux-arm64-gnu@4.1.17':
    resolution: {integrity: sha512-HVDOm/mxK6+TbARwdW17WrgDYEGzmoYayrCgmLEw7FxTPLcp/glBisuyWkFz/jb7ZfiAXAXUACfyItn+nTgsdQ==}
    engines: {node: '>= 10'}
    cpu: [arm64]
    os: [linux]
    libc: [glibc]

  '@tailwindcss/oxide-linux-arm64-musl@4.1.17':
    resolution: {integrity: sha512-HvZLfGr42i5anKtIeQzxdkw/wPqIbpeZqe7vd3V9vI3RQxe3xU1fLjss0TjyhxWcBaipk7NYwSrwTwK1hJARMg==}
    engines: {node: '>= 10'}
    cpu: [arm64]
    os: [linux]
    libc: [musl]

  '@tailwindcss/oxide-linux-x64-gnu@4.1.17':
    resolution: {integrity: sha512-M3XZuORCGB7VPOEDH+nzpJ21XPvK5PyjlkSFkFziNHGLc5d6g3di2McAAblmaSUNl8IOmzYwLx9NsE7bplNkwQ==}
    engines: {node: '>= 10'}
    cpu: [x64]
    os: [linux]
    libc: [glibc]

  '@tailwindcss/oxide-linux-x64-musl@4.1.17':
    resolution: {integrity: sha512-k7f+pf9eXLEey4pBlw+8dgfJHY4PZ5qOUFDyNf7SI6lHjQ9Zt7+NcscjpwdCEbYi6FI5c2KDTDWyf2iHcCSyyQ==}
    engines: {node: '>= 10'}
    cpu: [x64]
    os: [linux]
    libc: [musl]

  '@tailwindcss/oxide-wasm32-wasi@4.1.17':
    resolution: {integrity: sha512-cEytGqSSoy7zK4JRWiTCx43FsKP/zGr0CsuMawhH67ONlH+T79VteQeJQRO/X7L0juEUA8ZyuYikcRBf0vsxhg==}
    engines: {node: '>=14.0.0'}
    cpu: [wasm32]
    bundledDependencies:
      - '@napi-rs/wasm-runtime'
      - '@emnapi/core'
      - '@emnapi/runtime'
      - '@tybys/wasm-util'
      - '@emnapi/wasi-threads'
      - tslib

  '@tailwindcss/oxide-win32-arm64-msvc@4.1.17':
    resolution: {integrity: sha512-JU5AHr7gKbZlOGvMdb4722/0aYbU+tN6lv1kONx0JK2cGsh7g148zVWLM0IKR3NeKLv+L90chBVYcJ8uJWbC9A==}
    engines: {node: '>= 10'}
    cpu: [arm64]
    os: [win32]

  '@tailwindcss/oxide-win32-x64-msvc@4.1.17':
    resolution: {integrity: sha512-SKWM4waLuqx0IH+FMDUw6R66Hu4OuTALFgnleKbqhgGU30DY20NORZMZUKgLRjQXNN2TLzKvh48QXTig4h4bGw==}
    engines: {node: '>= 10'}
    cpu: [x64]
    os: [win32]

  '@tailwindcss/oxide@4.1.17':
    resolution: {integrity: sha512-F0F7d01fmkQhsTjXezGBLdrl1KresJTcI3DB8EkScCldyKp3Msz4hub4uyYaVnk88BAS1g5DQjjF6F5qczheLA==}
    engines: {node: '>= 10'}

  '@tailwindcss/vite@4.1.17':
    resolution: {integrity: sha512-4+9w8ZHOiGnpcGI6z1TVVfWaX/koK7fKeSYF3qlYg2xpBtbteP2ddBxiarL+HVgfSJGeK5RIxRQmKm4rTJJAwA==}
    peerDependencies:
      vite: ^5.2.0 || ^6 || ^7

  '@tsconfig/node10@1.0.11':
    resolution: {integrity: sha512-DcRjDCujK/kCk/cUe8Xz8ZSpm8mS3mNNpta+jGCA6USEDfktlNvm1+IuZ9eTcDbNk41BHwpHHeW+N1lKCz4zOw==}

  '@tsconfig/node12@1.0.11':
    resolution: {integrity: sha512-cqefuRsh12pWyGsIoBKJA9luFu3mRxCA+ORZvA4ktLSzIuCUtWVxGIuXigEwO5/ywWFMZ2QEGKWvkZG1zDMTag==}

  '@tsconfig/node14@1.0.3':
    resolution: {integrity: sha512-ysT8mhdixWK6Hw3i1V2AeRqZ5WfXg1G43mqoYlM2nc6388Fq5jcXyr5mRsqViLx/GJYdoL0bfXD8nmF+Zn/Iow==}

  '@tsconfig/node16@1.0.4':
    resolution: {integrity: sha512-vxhUy4J8lyeyinH7Azl1pdd43GJhZH/tP2weN8TntQblOY+A0XbT8DJk1/oCPuOOyg/Ja757rG0CgHcWC8OfMA==}

  '@tybys/wasm-util@0.10.1':
    resolution: {integrity: sha512-9tTaPJLSiejZKx+Bmog4uSubteqTvFrVrURwkmHixBo0G4seD0zUxp98E1DzUBJxLQ3NPwXrGKDiVjwx/DpPsg==}

  '@types/node@24.10.0':
    resolution: {integrity: sha512-qzQZRBqkFsYyaSWXuEHc2WR9c0a0CXwiE5FWUvn7ZM+vdy1uZLfCunD38UzhuB7YN/J11ndbDBcTmOdxJo9Q7A==}

  '@vitejs/plugin-vue@6.0.1':
    resolution: {integrity: sha512-+MaE752hU0wfPFJEUAIxqw18+20euHHdxVtMvbFcOEpjEyfqXH/5DCoTHiVJ0J29EhTJdoTkjEv5YBKU9dnoTw==}
    engines: {node: ^20.19.0 || >=22.12.0}
    peerDependencies:
      vite: ^5.0.0 || ^6.0.0 || ^7.0.0
      vue: ^3.2.25

  '@volar/language-core@2.4.23':
    resolution: {integrity: sha512-hEEd5ET/oSmBC6pi1j6NaNYRWoAiDhINbT8rmwtINugR39loROSlufGdYMF9TaKGfz+ViGs1Idi3mAhnuPcoGQ==}

  '@volar/source-map@2.4.23':
    resolution: {integrity: sha512-Z1Uc8IB57Lm6k7q6KIDu/p+JWtf3xsXJqAX/5r18hYOTpJyBn0KXUR8oTJ4WFYOcDzWC9n3IflGgHowx6U6z9Q==}

  '@volar/typescript@2.4.23':
    resolution: {integrity: sha512-lAB5zJghWxVPqfcStmAP1ZqQacMpe90UrP5RJ3arDyrhy4aCUQqmxPPLB2PWDKugvylmO41ljK7vZ+t6INMTag==}

  '@vue/compiler-core@3.5.23':
    resolution: {integrity: sha512-nW7THWj5HOp085ROk65LwaoxuzDsjIxr485F4iu63BoxsXoSqKqmsUUoP4A7Gl67DgIgi0zJ8JFgHfvny/74MA==}

  '@vue/compiler-dom@3.5.23':
    resolution: {integrity: sha512-AT8RMw0vEzzzO0JU5gY0F6iCzaWUIh/aaRVordzMBKXRpoTllTT4kocHDssByPsvodNCfump/Lkdow2mT/O5KQ==}

  '@vue/compiler-sfc@3.5.23':
    resolution: {integrity: sha512-3QTEUo4qg7FtQwaDJa8ou1CUikx5WTtZlY61rRRDu3lK2ZKrGoAGG8mvDgOpDsQ4A1bez9s+WtBB6DS2KuFCPw==}

  '@vue/compiler-ssr@3.5.23':
    resolution: {integrity: sha512-Hld2xphbMjXs9Q9WKxPf2EqmE+Rq/FEDnK/wUBtmYq74HCV4XDdSCheAaB823OQXIIFGq9ig/RbAZkF9s4U0Ow==}

  '@vue/language-core@3.1.3':
    resolution: {integrity: sha512-KpR1F/eGAG9D1RZ0/T6zWJs6dh/pRLfY5WupecyYKJ1fjVmDMgTPw9wXmKv2rBjo4zCJiOSiyB8BDP1OUwpMEA==}
    peerDependencies:
      typescript: '*'
    peerDependenciesMeta:
      typescript:
        optional: true

  '@vue/reactivity@3.5.23':
    resolution: {integrity: sha512-ji5w0qvrPyBmBx5Ldv4QGNsw0phgRreEvjt0iUf1lei2Sm8//9ZAi78uM2ZjsT5gk0YZilLuoRCIMvtuZlHMJw==}

  '@vue/runtime-core@3.5.23':
    resolution: {integrity: sha512-LMB0S6/G7mFJcpQeQaZrbsthFbWrIX8FVTzu5x9U3Ec8YW5MY1CGAnBBHNj+TPOBu3pIbtPpjrXtcaN04X+aBw==}

  '@vue/runtime-dom@3.5.23':
    resolution: {integrity: sha512-r/PYc8W9THzEL0UExpTkV+d31zO+Jid/RMZIDG6aS/NekOEUHuCJkJgftySWZw7JTJO/+q9Kxkg8p+i7Q7Q+ew==}

  '@vue/server-renderer@3.5.23':
    resolution: {integrity: sha512-NiWZsNCsXA20/VufcrW5u+Trt/PyFlpMmxaB2KERYM8eZgUoKUjXxJQb9ypq+LZ0Sp3XHJGNBR8DkhRnkKAMUw==}
    peerDependencies:
      vue: 3.5.23

  '@vue/shared@3.5.23':
    resolution: {integrity: sha512-0YZ1DYuC5o/YJPf6pFdt2KYxVGDxkDbH/1NYJnVJWUkzr8ituBEmFVQRNX2gCaAsFEjEDnLkWpgqlZA7htgS/g==}

  '@vue/tsconfig@0.8.1':
    resolution: {integrity: sha512-aK7feIWPXFSUhsCP9PFqPyFOcz4ENkb8hZ2pneL6m2UjCkccvaOhC/5KCKluuBufvp2KzkbdA2W2pk20vLzu3g==}
    peerDependencies:
      typescript: 5.x
      vue: ^3.4.0
    peerDependenciesMeta:
      typescript:
        optional: true
      vue:
        optional: true

  acorn-walk@8.3.4:
    resolution: {integrity: sha512-ueEepnujpqee2o5aIYnvHU6C0A42MNdsIDeqy5BydrkuC5R1ZuUFnm27EeFJGoEHJQgn3uleRvmTXaJgfXbt4g==}
    engines: {node: '>=0.4.0'}

  acorn@8.15.0:
    resolution: {integrity: sha512-NZyJarBfL7nWwIq+FDL6Zp/yHEhePMNnnJ0y3qfieCrmNvYct8uvtiV41UvlSe6apAfk0fY1FbWx+NwfmpvtTg==}
    engines: {node: '>=0.4.0'}
    hasBin: true

  alien-signals@3.0.6:
    resolution: {integrity: sha512-gCs0YqC1mkYGC6IRXsSrA62ShOSv1FlVN5tRp/Cs2vRWLK/BAeluWIdfsl253pFQPznKEvRmHhfep7crWfyfWQ==}

  ansis@4.2.0:
    resolution: {integrity: sha512-HqZ5rWlFjGiV0tDm3UxxgNRqsOTniqoKZu0pIAfh7TZQMGuZK+hH0drySty0si0QXj1ieop4+SkSfPZBPPkHig==}
    engines: {node: '>=14'}

  arg@4.1.3:
    resolution: {integrity: sha512-58S9QDqG0Xx27YwPSt9fJxivjYl432YCwfDMfZ+71RAqUrZef7LrKQZ3LHLOwCS4FLNBplP533Zx895SeOCHvA==}

  array-union@2.1.0:
    resolution: {integrity: sha512-HGyxoOTYUyCM6stUe6EJgnd4EoewAI7zMdfqO+kGjnlZmBDz/cR5pf8r/cR4Wq60sL/p0IkcjUEEPwS3GFrIyw==}
    engines: {node: '>=8'}

  async@3.2.6:
    resolution: {integrity: sha512-htCUDlxyyCLMgaM3xXg0C0LW2xqfuQ6p05pCEIsXuyQ+a1koYKTuBMzRNwmybfLgvJDMd0r1LTn4+E0Ti6C2AA==}

  braces@3.0.3:
    resolution: {integrity: sha512-yQbXgO/OSZVD2IsiLlro+7Hf6Q18EJrKSEsdoMzKePKXct3gvD8oLcOQdIzGupr5Fj+EDe8gO/lxc1BzfMpxvA==}
    engines: {node: '>=8'}

  commander@13.1.0:
    resolution: {integrity: sha512-/rFeCpNJQbhSZjGVwO9RFV3xPqbnERS8MmIQzCtD/zl6gpJuV/bMLuN92oG3F7d8oDEHHRrujSXNUr8fpjntKw==}
    engines: {node: '>=18'}

  commondir@1.0.1:
    resolution: {integrity: sha512-W9pAhw0ja1Edb5GVdIF1mjZw/ASI0AlShXM83UUGe2DVr5TdAPEA1OA8m/g8zWp9x6On7gqufY+FatDbC3MDQg==}

  create-require@1.1.1:
    resolution: {integrity: sha512-dcKFX3jn0MpIaXjisoRvexIJVEKzaq7z2rZKxf+MSr9TkdmHmsU4m2lcLojrj/FHl8mk5VxMmYA+ftRkP/3oKQ==}

  csstype@3.1.3:
    resolution: {integrity: sha512-M1uQkMl8rQK/szD0LNhtqxIPLpimGm8sOBwU7lLnCpSbTyY3yeU1Vc7l4KT5zT4s/yOxHH5O7tIuuLOCnLADRw==}

  detect-libc@2.1.2:
    resolution: {integrity: sha512-Btj2BOOO83o3WyH59e8MgXsxEQVcarkUOpEYrubB0urwnN10yQ364rsiByU11nZlqWYZm05i/of7io4mzihBtQ==}
    engines: {node: '>=8'}

  diff@4.0.2:
    resolution: {integrity: sha512-58lmxKSA4BNyLz+HHMUzlOEpg09FV+ev6ZMe3vJihgdxzgcwZ8VoEEPmALCZG9LmqfVoNMMKpttIYTVG6uDY7A==}
    engines: {node: '>=0.3.1'}

  dir-glob@3.0.1:
    resolution: {integrity: sha512-WkrWp9GR4KXfKGYzOLmTuGVi1UWFfws377n9cc55/tb6DuqyF6pcQ5AbiHEshaDpY9v6oaSr2XCDidGmMwdzIA==}
    engines: {node: '>=8'}

  email-addresses@5.0.0:
    resolution: {integrity: sha512-4OIPYlA6JXqtVn8zpHpGiI7vE6EQOAg16aGnDMIAlZVinnoZ8208tW1hAbjWydgN/4PLTT9q+O1K6AH/vALJGw==}

  enhanced-resolve@5.18.3:
    resolution: {integrity: sha512-d4lC8xfavMeBjzGr2vECC3fsGXziXZQyJxD868h2M/mBI3PwAuODxAkLkq5HYuvrPYcUtiLzsTo8U3PgX3Ocww==}
    engines: {node: '>=10.13.0'}

  entities@4.5.0:
    resolution: {integrity: sha512-V0hjH4dGPh9Ao5p0MoRY6BVqtwCjhz6vI5LT8AJ55H+4g9/4vbHx1I54fS0XuclLhDHArPQCiMjDxjaL8fPxhw==}
    engines: {node: '>=0.12'}

  escape-string-regexp@1.0.5:
    resolution: {integrity: sha512-vbRorB5FUQWvla16U8R/qgaFIya2qGzwDrNmCZuYKrbdSUMG6I1ZCGQRefkRVhuOkIGVne7BQ35DSfo1qvJqFg==}
    engines: {node: '>=0.8.0'}

  estree-walker@2.0.2:
    resolution: {integrity: sha512-Rfkk/Mp/DL7JVje3u18FxFujQlTNR2q6QfMSMB7AvCBx91NGj/ba3kCfza0f6dVDbw7YlRf/nDrn7pQrCCyQ/w==}

  fast-glob@3.3.3:
    resolution: {integrity: sha512-7MptL8U0cqcFdzIzwOTHoilX9x5BrNqye7Z/LuC7kCMRio1EMSyqRK3BEAUD7sXRq4iT4AzTVuZdhgQ2TCvYLg==}
    engines: {node: '>=8.6.0'}

  fastq@1.19.1:
    resolution: {integrity: sha512-GwLTyxkCXjXbxqIhTsMI2Nui8huMPtnxg7krajPJAjnEG/iiOS7i+zCtWGZR9G0NBKbXKh6X9m9UIsYX/N6vvQ==}

  fdir@6.5.0:
    resolution: {integrity: sha512-tIbYtZbucOs0BRGqPJkshJUYdL+SDH7dVM8gjy+ERp3WAUjLEFJE+02kanyHtwjWOnwrKYBiwAmM0p4kLJAnXg==}
    engines: {node: '>=12.0.0'}
    peerDependencies:
      picomatch: ^3 || ^4
    peerDependenciesMeta:
      picomatch:
        optional: true

  filename-reserved-regex@2.0.0:
    resolution: {integrity: sha512-lc1bnsSr4L4Bdif8Xb/qrtokGbq5zlsms/CYH8PP+WtCkGNF65DPiQY8vG3SakEdRn8Dlnm+gW/qWKKjS5sZzQ==}
    engines: {node: '>=4'}

  filenamify@4.3.0:
    resolution: {integrity: sha512-hcFKyUG57yWGAzu1CMt/dPzYZuv+jAJUT85bL8mrXvNe6hWj6yEHEc4EdcgiA6Z3oi1/9wXJdZPXF2dZNgwgOg==}
    engines: {node: '>=8'}

  fill-range@7.1.1:
    resolution: {integrity: sha512-YsGpe3WHLK8ZYi4tWDg2Jy3ebRz2rXowDxnld4bkQB00cc/1Zw9AWnC0i9ztDJitivtQvaI9KaLyKrc+hBW0yg==}
    engines: {node: '>=8'}

  find-cache-dir@3.3.2:
    resolution: {integrity: sha512-wXZV5emFEjrridIgED11OoUKLxiYjAcqot/NJdAkOhlJ+vGzwhOAfcG5OX1jP+S0PcjEn8bdMJv+g2jwQ3Onig==}
    engines: {node: '>=8'}

  find-up@4.1.0:
    resolution: {integrity: sha512-PpOwAdQ/YlXQ2vj8a3h8IipDuYRi3wceVQQGYWxNINccq40Anw7BlsEXCMbt1Zt+OLA6Fq9suIpIWD0OsnISlw==}
    engines: {node: '>=8'}

  fs-extra@11.3.2:
    resolution: {integrity: sha512-Xr9F6z6up6Ws+NjzMCZc6WXg2YFRlrLP9NQDO3VQrWrfiojdhS56TzueT88ze0uBdCTwEIhQ3ptnmKeWGFAe0A==}
    engines: {node: '>=14.14'}

  fsevents@2.3.3:
    resolution: {integrity: sha512-5xoDfX+fL7faATnagmWPpbFtwh/R77WmMMqqHGS65C3vvB0YHrgF+B1YmZ3441tMj5n63k0212XNoJwzlhffQw==}
    engines: {node: ^8.16.0 || ^10.6.0 || >=11.0.0}
    os: [darwin]

  gh-pages@6.3.0:
    resolution: {integrity: sha512-Ot5lU6jK0Eb+sszG8pciXdjMXdBJ5wODvgjR+imihTqsUWF2K6dJ9HST55lgqcs8wWcw6o6wAsUzfcYRhJPXbA==}
    engines: {node: '>=10'}
    hasBin: true

  glob-parent@5.1.2:
    resolution: {integrity: sha512-AOIgSQCepiJYwP3ARnGx+5VnTu2HBYdzbGP45eLw1vr3zB3vZLeyed1sC9hnbcOc9/SrMyM5RPQrkGz4aS9Zow==}
    engines: {node: '>= 6'}

  globby@11.1.0:
    resolution: {integrity: sha512-jhIXaOzy1sb8IyocaruWSn1TjmnBVs8Ayhcy83rmxNJ8q2uWKCAj3CnJY+KpGSXCueAPc0i05kVvVKtP1t9S3g==}
    engines: {node: '>=10'}

  graceful-fs@4.2.11:
    resolution: {integrity: sha512-RbJ5/jmFcNNCcDV5o9eTnBLJ/HszWV0P73bc+Ff4nS/rJj+YaS6IGyiOL0VoBYX+l1Wrl3k63h/KrH+nhJ0XvQ==}

  ignore@5.3.2:
    resolution: {integrity: sha512-hsBTNUqQTDwkWtcdYI2i06Y/nUBEsNEDJKjWdigLvegy8kDuJAS8uRlpkkcQpyEXL0Z/pjDy5HBmMjRCJ2gq+g==}
    engines: {node: '>= 4'}

  is-extglob@2.1.1:
    resolution: {integrity: sha512-SbKbANkN603Vi4jEZv49LeVJMn4yGwsbzZworEoyEiutsN3nJYdbO36zfhGJ6QEDpOZIFkDtnq5JRxmvl3jsoQ==}
    engines: {node: '>=0.10.0'}

  is-glob@4.0.3:
    resolution: {integrity: sha512-xelSayHH36ZgE7ZWhli7pW34hNbNl8Ojv5KVmkJD4hBdD3th8Tfk9vYasLM+mXWOZhFkgZfxhLSnrwRr4elSSg==}
    engines: {node: '>=0.10.0'}

  is-number@7.0.0:
    resolution: {integrity: sha512-41Cifkg6e8TylSpdtTpeLVMqvSBEVzTttHvERD741+pnZ8ANv0004MRL43QKPDlK9cGvNp6NZWZUBlbGXYxxng==}
    engines: {node: '>=0.12.0'}

  jiti@2.6.1:
    resolution: {integrity: sha512-ekilCSN1jwRvIbgeg/57YFh8qQDNbwDb9xT/qu2DAHbFFZUicIl4ygVaAvzveMhMVr3LnpSKTNnwt8PoOfmKhQ==}
    hasBin: true

  jsonfile@6.2.0:
    resolution: {integrity: sha512-FGuPw30AdOIUTRMC2OMRtQV+jkVj2cfPqSeWXv1NEAJ1qZ5zb1X6z1mFhbfOB/iy3ssJCD+3KuZ8r8C3uVFlAg==}

  lightningcss-android-arm64@1.30.2:
    resolution: {integrity: sha512-BH9sEdOCahSgmkVhBLeU7Hc9DWeZ1Eb6wNS6Da8igvUwAe0sqROHddIlvU06q3WyXVEOYDZ6ykBZQnjTbmo4+A==}
    engines: {node: '>= 12.0.0'}
    cpu: [arm64]
    os: [android]

  lightningcss-darwin-arm64@1.30.2:
    resolution: {integrity: sha512-ylTcDJBN3Hp21TdhRT5zBOIi73P6/W0qwvlFEk22fkdXchtNTOU4Qc37SkzV+EKYxLouZ6M4LG9NfZ1qkhhBWA==}
    engines: {node: '>= 12.0.0'}
    cpu: [arm64]
    os: [darwin]

  lightningcss-darwin-x64@1.30.2:
    resolution: {integrity: sha512-oBZgKchomuDYxr7ilwLcyms6BCyLn0z8J0+ZZmfpjwg9fRVZIR5/GMXd7r9RH94iDhld3UmSjBM6nXWM2TfZTQ==}
    engines: {node: '>= 12.0.0'}
    cpu: [x64]
    os: [darwin]

  lightningcss-freebsd-x64@1.30.2:
    resolution: {integrity: sha512-c2bH6xTrf4BDpK8MoGG4Bd6zAMZDAXS569UxCAGcA7IKbHNMlhGQ89eRmvpIUGfKWNVdbhSbkQaWhEoMGmGslA==}
    engines: {node: '>= 12.0.0'}
    cpu: [x64]
    os: [freebsd]

  lightningcss-linux-arm-gnueabihf@1.30.2:
    resolution: {integrity: sha512-eVdpxh4wYcm0PofJIZVuYuLiqBIakQ9uFZmipf6LF/HRj5Bgm0eb3qL/mr1smyXIS1twwOxNWndd8z0E374hiA==}
    engines: {node: '>= 12.0.0'}
    cpu: [arm]
    os: [linux]

  lightningcss-linux-arm64-gnu@1.30.2:
    resolution: {integrity: sha512-UK65WJAbwIJbiBFXpxrbTNArtfuznvxAJw4Q2ZGlU8kPeDIWEX1dg3rn2veBVUylA2Ezg89ktszWbaQnxD/e3A==}
    engines: {node: '>= 12.0.0'}
    cpu: [arm64]
    os: [linux]
    libc: [glibc]

  lightningcss-linux-arm64-musl@1.30.2:
    resolution: {integrity: sha512-5Vh9dGeblpTxWHpOx8iauV02popZDsCYMPIgiuw97OJ5uaDsL86cnqSFs5LZkG3ghHoX5isLgWzMs+eD1YzrnA==}
    engines: {node: '>= 12.0.0'}
    cpu: [arm64]
    os: [linux]
    libc: [musl]

  lightningcss-linux-x64-gnu@1.30.2:
    resolution: {integrity: sha512-Cfd46gdmj1vQ+lR6VRTTadNHu6ALuw2pKR9lYq4FnhvgBc4zWY1EtZcAc6EffShbb1MFrIPfLDXD6Xprbnni4w==}
    engines: {node: '>= 12.0.0'}
    cpu: [x64]
    os: [linux]
    libc: [glibc]

  lightningcss-linux-x64-musl@1.30.2:
    resolution: {integrity: sha512-XJaLUUFXb6/QG2lGIW6aIk6jKdtjtcffUT0NKvIqhSBY3hh9Ch+1LCeH80dR9q9LBjG3ewbDjnumefsLsP6aiA==}
    engines: {node: '>= 12.0.0'}
    cpu: [x64]
    os: [linux]
    libc: [musl]

  lightningcss-win32-arm64-msvc@1.30.2:
    resolution: {integrity: sha512-FZn+vaj7zLv//D/192WFFVA0RgHawIcHqLX9xuWiQt7P0PtdFEVaxgF9rjM/IRYHQXNnk61/H/gb2Ei+kUQ4xQ==}
    engines: {node: '>= 12.0.0'}
    cpu: [arm64]
    os: [win32]

  lightningcss-win32-x64-msvc@1.30.2:
    resolution: {integrity: sha512-5g1yc73p+iAkid5phb4oVFMB45417DkRevRbt/El/gKXJk4jid+vPFF/AXbxn05Aky8PapwzZrdJShv5C0avjw==}
    engines: {node: '>= 12.0.0'}
    cpu: [x64]
    os: [win32]

  lightningcss@1.30.2:
    resolution: {integrity: sha512-utfs7Pr5uJyyvDETitgsaqSyjCb2qNRAtuqUeWIAKztsOYdcACf2KtARYXg2pSvhkt+9NfoaNY7fxjl6nuMjIQ==}
    engines: {node: '>= 12.0.0'}

  locate-path@5.0.0:
    resolution: {integrity: sha512-t7hw9pI+WvuwNJXwk5zVHpyhIqzg2qTlklJOf0mVxGSbe3Fp2VieZcduNYjaLDoy6p9uGpQEGWG87WpMKlNq8g==}
    engines: {node: '>=8'}

  magic-string@0.30.21:
    resolution: {integrity: sha512-vd2F4YUyEXKGcLHoq+TEyCjxueSeHnFxyyjNp80yg0XV4vUhnDer/lvvlqM/arB5bXQN5K2/3oinyCRyx8T2CQ==}

  make-dir@3.1.0:
    resolution: {integrity: sha512-g3FeP20LNwhALb/6Cz6Dd4F2ngze0jz7tbzrD2wAV+o9FeNHe4rL+yK2md0J/fiSf1sa1ADhXqi5+oVwOM/eGw==}
    engines: {node: '>=8'}

  make-error@1.3.6:
    resolution: {integrity: sha512-s8UhlNe7vPKomQhC1qFelMokr/Sc3AgNbso3n74mVPA5LTZwkB9NlXf4XPamLxJE8h0gh73rM94xvwRT2CVInw==}

  merge2@1.4.1:
    resolution: {integrity: sha512-8q7VEgMJW4J8tcfVPy8g09NcQwZdbwFEqhe/WZkoIzjn/3TGDwtOCYtXGxA3O8tPzpczCCDgv+P2P5y00ZJOOg==}
    engines: {node: '>= 8'}

  micromatch@4.0.8:
    resolution: {integrity: sha512-PXwfBhYu0hBCPw8Dn0E+WDYb7af3dSLVWKi3HGv84IdF4TyFoC0ysxFd0Goxw7nSv4T/PzEJQxsYsEiFCKo2BA==}
    engines: {node: '>=8.6'}

  muggle-string@0.4.1:
    resolution: {integrity: sha512-VNTrAak/KhO2i8dqqnqnAHOa3cYBwXEZe9h+D5h/1ZqFSTEFHdM65lR7RoIqq3tBBYavsOXV84NoHXZ0AkPyqQ==}

  nanoid@3.3.11:
    resolution: {integrity: sha512-N8SpfPUnUp1bK+PMYW8qSWdl9U+wwNWI4QKxOYDy9JAro3WMX7p2OeVRF9v+347pnakNevPmiHhNmZ2HbFA76w==}
    engines: {node: ^10 || ^12 || ^13.7 || ^14 || >=15.0.1}
    hasBin: true

  p-limit@2.3.0:
    resolution: {integrity: sha512-//88mFWSJx8lxCzwdAABTJL2MyWB12+eIY7MDL2SqLmAkeKU9qxRvWuSyTjm3FUmpBEMuFfckAIqEaVGUDxb6w==}
    engines: {node: '>=6'}

  p-locate@4.1.0:
    resolution: {integrity: sha512-R79ZZ/0wAxKGu3oYMlz8jy/kbhsNrS7SKZ7PxEHBgJ5+F2mtFW2fK2cOtBh1cHYkQsbzFV7I+EoRKe6Yt0oK7A==}
    engines: {node: '>=8'}

  p-try@2.2.0:
    resolution: {integrity: sha512-R4nPAVTAU0B9D35/Gk3uJf/7XYbQcyohSKdvAxIRSNghFl4e71hVoGnBNQz9cWaXxO2I10KTC+3jMdvvoKw6dQ==}
    engines: {node: '>=6'}

  path-browserify@1.0.1:
    resolution: {integrity: sha512-b7uo2UCUOYZcnF/3ID0lulOJi/bafxa1xPe7ZPsammBSpjSWQkjNxlt635YGS2MiR9GjvuXCtz2emr3jbsz98g==}

  path-exists@4.0.0:
    resolution: {integrity: sha512-ak9Qy5Q7jYb2Wwcey5Fpvg2KoAc/ZIhLSLOSBmRmygPsGwkVVt0fZa0qrtMz+m6tJTAHfZQ8FnmB4MG4LWy7/w==}
    engines: {node: '>=8'}

  path-type@4.0.0:
    resolution: {integrity: sha512-gDKb8aZMDeD/tZWs9P6+q0J9Mwkdl6xMV8TjnGP3qJVJ06bdMgkbBlLU8IdfOsIsFz2BW1rNVT3XuNEl8zPAvw==}
    engines: {node: '>=8'}

  picocolors@1.1.1:
    resolution: {integrity: sha512-xceH2snhtb5M9liqDsmEw56le376mTZkEX/jEb/RxNFyegNul7eNslCXP9FDj/Lcu0X8KEyMceP2ntpaHrDEVA==}

  picomatch@2.3.1:
    resolution: {integrity: sha512-JU3teHTNjmE2VCGFzuY8EXzCDVwEqB2a8fsIvwaStHhAWJEeVd1o1QD80CU6+ZdEXXSLbSsuLwJjkCBWqRQUVA==}
    engines: {node: '>=8.6'}

  picomatch@4.0.3:
    resolution: {integrity: sha512-5gTmgEY/sqK6gFXLIsQNH19lWb4ebPDLA4SdLP7dsWkIXHWlG66oPuVvXSGFPppYZz8ZDZq0dYYrbHfBCVUb1Q==}
    engines: {node: '>=12'}

  pkg-dir@4.2.0:
    resolution: {integrity: sha512-HRDzbaKjC+AOWVXxAU/x54COGeIv9eb+6CkDSQoNTt4XyWoIJvuPsXizxu/Fr23EiekbtZwmh1IcIG/l/a10GQ==}
    engines: {node: '>=8'}

  postcss@8.5.6:
    resolution: {integrity: sha512-3Ybi1tAuwAP9s0r1UQ2J4n5Y0G05bJkpUIO0/bI9MhwmD70S5aTWbXGBwxHrelT+XM1k6dM0pk+SwNkpTRN7Pg==}
    engines: {node: ^10 || ^12 || >=14}

  queue-microtask@1.2.3:
    resolution: {integrity: sha512-NuaNSa6flKT5JaSYQzJok04JzTL1CA6aGhv5rfLW3PgqA+M2ChpZQnAC8h8i4ZFkBS8X5RqkDBHA7r4hej3K9A==}

  reusify@1.1.0:
    resolution: {integrity: sha512-g6QUff04oZpHs0eG5p83rFLhHeV00ug/Yf9nZM6fLeUrPguBTkTQOdpAWWspMh55TZfVQDPaN3NQJfbVRAxdIw==}
    engines: {iojs: '>=1.0.0', node: '>=0.10.0'}

  rolldown-vite@7.1.14:
    resolution: {integrity: sha512-eSiiRJmovt8qDJkGyZuLnbxAOAdie6NCmmd0NkTC0RJI9duiSBTfr8X2mBYJOUFzxQa2USaHmL99J9uMxkjCyw==}
    engines: {node: ^20.19.0 || >=22.12.0}
    hasBin: true
    peerDependencies:
      '@types/node': ^20.19.0 || >=22.12.0
      esbuild: ^0.25.0
      jiti: '>=1.21.0'
      less: ^4.0.0
      sass: ^1.70.0
      sass-embedded: ^1.70.0
      stylus: '>=0.54.8'
      sugarss: ^5.0.0
      terser: ^5.16.0
      tsx: ^4.8.1
      yaml: ^2.4.2
    peerDependenciesMeta:
      '@types/node':
        optional: true
      esbuild:
        optional: true
      jiti:
        optional: true
      less:
        optional: true
      sass:
        optional: true
      sass-embedded:
        optional: true
      stylus:
        optional: true
      sugarss:
        optional: true
      terser:
        optional: true
      tsx:
        optional: true
      yaml:
        optional: true

  rolldown@1.0.0-beta.41:
    resolution: {integrity: sha512-U+NPR0Bkg3wm61dteD2L4nAM1U9dtaqVrpDXwC36IKRHpEO/Ubpid4Nijpa2imPchcVNHfxVFwSSMJdwdGFUbg==}
    engines: {node: ^20.19.0 || >=22.12.0}
    hasBin: true

  run-parallel@1.2.0:
    resolution: {integrity: sha512-5l4VyZR86LZ/lDxZTR6jqL8AFE2S0IFLMP26AbjsLVADxHdhB/c0GUsH+y39UfCi3dzz8OlQuPmnaJOMoDHQBA==}

  seedrandom@3.0.5:
    resolution: {integrity: sha512-8OwmbklUNzwezjGInmZ+2clQmExQPvomqjL7LFqOYqtmuxRgQYqOD3mHaU+MvZn5FLUeVxVfQjwLZW/n/JFuqg==}

  semver@6.3.1:
    resolution: {integrity: sha512-BR7VvDCVHO+q2xBEWskxS6DJE1qRnb7DxzUrogb71CWoSficBxYsiAGd+Kl0mmq/MprG9yArRkyrQxTO6XjMzA==}
    hasBin: true

  slash@3.0.0:
    resolution: {integrity: sha512-g9Q1haeby36OSStwb4ntCGGGaKsaVSjQ68fBxoQcutl5fS1vuY18H3wSt3jFyFtrkx+Kz0V1G85A4MyAdDMi2Q==}
    engines: {node: '>=8'}

  source-map-js@1.2.1:
    resolution: {integrity: sha512-UXWMKhLOwVKb728IUtQPXxfYU+usdybtUrK/8uGE8CQMvrhOpwvzDBwj0QhSL7MQc7vIsISBG8VQ8+IDQxpfQA==}
    engines: {node: '>=0.10.0'}

  strip-outer@1.0.1:
    resolution: {integrity: sha512-k55yxKHwaXnpYGsOzg4Vl8+tDrWylxDEpknGjhTiZB8dFRU5rTo9CAzeycivxV3s+zlTKwrs6WxMxR95n26kwg==}
    engines: {node: '>=0.10.0'}

  tailwindcss@4.1.17:
    resolution: {integrity: sha512-j9Ee2YjuQqYT9bbRTfTZht9W/ytp5H+jJpZKiYdP/bpnXARAuELt9ofP0lPnmHjbga7SNQIxdTAXCmtKVYjN+Q==}

  tapable@2.3.0:
    resolution: {integrity: sha512-g9ljZiwki/LfxmQADO3dEY1CbpmXT5Hm2fJ+QaGKwSXUylMybePR7/67YW7jOrrvjEgL1Fmz5kzyAjWVWLlucg==}
    engines: {node: '>=6'}

  tinyglobby@0.2.15:
    resolution: {integrity: sha512-j2Zq4NyQYG5XMST4cbs02Ak8iJUdxRM0XI5QyxXuZOzKOINmWurp3smXu3y5wDcJrptwpSjgXHzIQxR0omXljQ==}
    engines: {node: '>=12.0.0'}

  to-regex-range@5.0.1:
    resolution: {integrity: sha512-65P7iz6X5yEr1cwcgvQxbbIw7Uk3gOy5dIdtZ4rDveLqhrdJP+Li/Hx6tyK0NEb+2GCyneCMJiGqrADCSNk8sQ==}
    engines: {node: '>=8.0'}

  trim-repeated@1.0.0:
    resolution: {integrity: sha512-pkonvlKk8/ZuR0D5tLW8ljt5I8kmxp2XKymhepUeOdCEfKpZaktSArkLHZt76OB1ZvO9bssUsDty4SWhLvZpLg==}
    engines: {node: '>=0.10.0'}

  ts-node@10.9.2:
    resolution: {integrity: sha512-f0FFpIdcHgn8zcPSbf1dRevwt047YMnaiJM3u2w2RewrB+fob/zePZcrOyQoLMMO7aBIddLcQIEK5dYjkLnGrQ==}
    hasBin: true
    peerDependencies:
      '@swc/core': '>=1.2.50'
      '@swc/wasm': '>=1.2.50'
      '@types/node': '*'
      typescript: '>=2.7'
    peerDependenciesMeta:
      '@swc/core':
        optional: true
      '@swc/wasm':
        optional: true

  tslib@2.8.1:
    resolution: {integrity: sha512-oJFu94HQb+KVduSUQL7wnpmqnfmLsOA/nAh6b6EH0wCEoK0/mPeXU6c3wKDV83MkOuHPRHtSXKKU99IBazS/2w==}

  typescript@5.9.3:
    resolution: {integrity: sha512-jl1vZzPDinLr9eUt3J/t7V6FgNEw9QjvBPdysz9KfQDD41fQrC2Y4vKQdiaUpFT4bXlb1RHhLpp8wtm6M5TgSw==}
    engines: {node: '>=14.17'}
    hasBin: true

  undici-types@7.16.0:
    resolution: {integrity: sha512-Zz+aZWSj8LE6zoxD+xrjh4VfkIG8Ya6LvYkZqtUQGJPZjYl53ypCaUwWqo7eI0x66KBGeRo+mlBEkMSeSZ38Nw==}

  universalify@2.0.1:
    resolution: {integrity: sha512-gptHNQghINnc/vTGIk0SOFGFNXw7JVrlRUtConJRlvaw6DuX0wO5Jeko9sWrMBhh+PsYAZ7oXAiOnf/UKogyiw==}
    engines: {node: '>= 10.0.0'}

  v8-compile-cache-lib@3.0.1:
    resolution: {integrity: sha512-wa7YjyUGfNZngI/vtK0UHAN+lgDCxBPCylVXGp0zu59Fz5aiGtNXaq3DhIov063MorB+VfufLh3JlF2KdTK3xg==}

  vscode-uri@3.1.0:
    resolution: {integrity: sha512-/BpdSx+yCQGnCvecbyXdxHDkuk55/G3xwnC0GqY4gmQ3j+A+g8kzzgB4Nk/SINjqn6+waqw3EgbVF2QKExkRxQ==}

  vue-confetti-explosion@1.0.2:
    resolution: {integrity: sha512-80OboM3/6BItIoZ6DpNcZFqGpF607kjIVc5af56oKgtFmt5yWehvJeoYhkzYlqxrqdBe0Ko4Ie3bWrmLau+dJw==}
    engines: {node: '>=12'}
    peerDependencies:
      vue: ^3.0.5

  vue-tsc@3.1.3:
    resolution: {integrity: sha512-StMNfZHwPIXQgY3KxPKM0Jsoc8b46mDV3Fn2UlHCBIwRJApjqrSwqeMYgWf0zpN+g857y74pv7GWuBm+UqQe1w==}
    hasBin: true
    peerDependencies:
      typescript: '>=5.0.0'

  vue@3.5.23:
    resolution: {integrity: sha512-CfvZv/vI52xUhumUvHtD6iFIS78nGWfX4IJnHfBGhpqMI0CwDq2YEngXOeaBFMRmiArcqczuVrLxurvesTYT9w==}
    peerDependencies:
      typescript: '*'
    peerDependenciesMeta:
      typescript:
        optional: true

  yn@3.1.1:
    resolution: {integrity: sha512-Ux4ygGWsu2c7isFWe8Yu1YluJmqVhxqK2cLXNQA5AcC3QfbGNpM7fu0Y8b/z16pXLnFxZYvWhd3fhBY9DLmC6Q==}
    engines: {node: '>=6'}

snapshots:

  '@babel/helper-string-parser@7.27.1': {}

  '@babel/helper-validator-identifier@7.28.5': {}

  '@babel/parser@7.28.5':
    dependencies:
      '@babel/types': 7.28.5

  '@babel/types@7.28.5':
    dependencies:
      '@babel/helper-string-parser': 7.27.1
      '@babel/helper-validator-identifier': 7.28.5

  '@cspotcode/source-map-support@0.8.1':
    dependencies:
      '@jridgewell/trace-mapping': 0.3.9

  '@emnapi/core@1.7.0':
    dependencies:
      '@emnapi/wasi-threads': 1.1.0
      tslib: 2.8.1
    optional: true

  '@emnapi/runtime@1.7.0':
    dependencies:
      tslib: 2.8.1
    optional: true

  '@emnapi/wasi-threads@1.1.0':
    dependencies:
      tslib: 2.8.1
    optional: true

  '@jridgewell/gen-mapping@0.3.13':
    dependencies:
      '@jridgewell/sourcemap-codec': 1.5.5
      '@jridgewell/trace-mapping': 0.3.31

  '@jridgewell/remapping@2.3.5':
    dependencies:
      '@jridgewell/gen-mapping': 0.3.13
      '@jridgewell/trace-mapping': 0.3.31

  '@jridgewell/resolve-uri@3.1.2': {}

  '@jridgewell/sourcemap-codec@1.5.5': {}

  '@jridgewell/trace-mapping@0.3.31':
    dependencies:
      '@jridgewell/resolve-uri': 3.1.2
      '@jridgewell/sourcemap-codec': 1.5.5

  '@jridgewell/trace-mapping@0.3.9':
    dependencies:
      '@jridgewell/resolve-uri': 3.1.2
      '@jridgewell/sourcemap-codec': 1.5.5

  '@napi-rs/wasm-runtime@1.0.7':
    dependencies:
      '@emnapi/core': 1.7.0
      '@emnapi/runtime': 1.7.0
      '@tybys/wasm-util': 0.10.1
    optional: true

  '@nodelib/fs.scandir@2.1.5':
    dependencies:
      '@nodelib/fs.stat': 2.0.5
      run-parallel: 1.2.0

  '@nodelib/fs.stat@2.0.5': {}

  '@nodelib/fs.walk@1.2.8':
    dependencies:
      '@nodelib/fs.scandir': 2.1.5
      fastq: 1.19.1

  '@oxc-project/runtime@0.92.0': {}

  '@oxc-project/types@0.93.0': {}

  '@rolldown/binding-android-arm64@1.0.0-beta.41':
    optional: true

  '@rolldown/binding-darwin-arm64@1.0.0-beta.41':
    optional: true

  '@rolldown/binding-darwin-x64@1.0.0-beta.41':
    optional: true

  '@rolldown/binding-freebsd-x64@1.0.0-beta.41':
    optional: true

  '@rolldown/binding-linux-arm-gnueabihf@1.0.0-beta.41':
    optional: true

  '@rolldown/binding-linux-arm64-gnu@1.0.0-beta.41':
    optional: true

  '@rolldown/binding-linux-arm64-musl@1.0.0-beta.41':
    optional: true

  '@rolldown/binding-linux-x64-gnu@1.0.0-beta.41':
    optional: true

  '@rolldown/binding-linux-x64-musl@1.0.0-beta.41':
    optional: true

  '@rolldown/binding-openharmony-arm64@1.0.0-beta.41':
    optional: true

  '@rolldown/binding-wasm32-wasi@1.0.0-beta.41':
    dependencies:
      '@napi-rs/wasm-runtime': 1.0.7
    optional: true

  '@rolldown/binding-win32-arm64-msvc@1.0.0-beta.41':
    optional: true

  '@rolldown/binding-win32-ia32-msvc@1.0.0-beta.41':
    optional: true

  '@rolldown/binding-win32-x64-msvc@1.0.0-beta.41':
    optional: true

  '@rolldown/pluginutils@1.0.0-beta.29': {}

  '@rolldown/pluginutils@1.0.0-beta.41': {}

  '@tailwindcss/node@4.1.17':
    dependencies:
      '@jridgewell/remapping': 2.3.5
      enhanced-resolve: 5.18.3
      jiti: 2.6.1
      lightningcss: 1.30.2
      magic-string: 0.30.21
      source-map-js: 1.2.1
      tailwindcss: 4.1.17

  '@tailwindcss/oxide-android-arm64@4.1.17':
    optional: true

  '@tailwindcss/oxide-darwin-arm64@4.1.17':
    optional: true

  '@tailwindcss/oxide-darwin-x64@4.1.17':
    optional: true

  '@tailwindcss/oxide-freebsd-x64@4.1.17':
    optional: true

  '@tailwindcss/oxide-linux-arm-gnueabihf@4.1.17':
    optional: true

  '@tailwindcss/oxide-linux-arm64-gnu@4.1.17':
    optional: true

  '@tailwindcss/oxide-linux-arm64-musl@4.1.17':
    optional: true

  '@tailwindcss/oxide-linux-x64-gnu@4.1.17':
    optional: true

  '@tailwindcss/oxide-linux-x64-musl@4.1.17':
    optional: true

  '@tailwindcss/oxide-wasm32-wasi@4.1.17':
    optional: true

  '@tailwindcss/oxide-win32-arm64-msvc@4.1.17':
    optional: true

  '@tailwindcss/oxide-win32-x64-msvc@4.1.17':
    optional: true

  '@tailwindcss/oxide@4.1.17':
    optionalDependencies:
      '@tailwindcss/oxide-android-arm64': 4.1.17
      '@tailwindcss/oxide-darwin-arm64': 4.1.17
      '@tailwindcss/oxide-darwin-x64': 4.1.17
      '@tailwindcss/oxide-freebsd-x64': 4.1.17
      '@tailwindcss/oxide-linux-arm-gnueabihf': 4.1.17
      '@tailwindcss/oxide-linux-arm64-gnu': 4.1.17
      '@tailwindcss/oxide-linux-arm64-musl': 4.1.17
      '@tailwindcss/oxide-linux-x64-gnu': 4.1.17
      '@tailwindcss/oxide-linux-x64-musl': 4.1.17
      '@tailwindcss/oxide-wasm32-wasi': 4.1.17
      '@tailwindcss/oxide-win32-arm64-msvc': 4.1.17
      '@tailwindcss/oxide-win32-x64-msvc': 4.1.17

  '@tailwindcss/vite@4.1.17(rolldown-vite@7.1.14(@types/node@24.10.0)(jiti@2.6.1))':
    dependencies:
      '@tailwindcss/node': 4.1.17
      '@tailwindcss/oxide': 4.1.17
      tailwindcss: 4.1.17
      vite: rolldown-vite@7.1.14(@types/node@24.10.0)(jiti@2.6.1)

  '@tsconfig/node10@1.0.11': {}

  '@tsconfig/node12@1.0.11': {}

  '@tsconfig/node14@1.0.3': {}

  '@tsconfig/node16@1.0.4': {}

  '@tybys/wasm-util@0.10.1':
    dependencies:
      tslib: 2.8.1
    optional: true

  '@types/node@24.10.0':
    dependencies:
      undici-types: 7.16.0

  '@vitejs/plugin-vue@6.0.1(rolldown-vite@7.1.14(@types/node@24.10.0)(jiti@2.6.1))(vue@3.5.23(typescript@5.9.3))':
    dependencies:
      '@rolldown/pluginutils': 1.0.0-beta.29
      vite: rolldown-vite@7.1.14(@types/node@24.10.0)(jiti@2.6.1)
      vue: 3.5.23(typescript@5.9.3)

  '@volar/language-core@2.4.23':
    dependencies:
      '@volar/source-map': 2.4.23

  '@volar/source-map@2.4.23': {}

  '@volar/typescript@2.4.23':
    dependencies:
      '@volar/language-core': 2.4.23
      path-browserify: 1.0.1
      vscode-uri: 3.1.0

  '@vue/compiler-core@3.5.23':
    dependencies:
      '@babel/parser': 7.28.5
      '@vue/shared': 3.5.23
      entities: 4.5.0
      estree-walker: 2.0.2
      source-map-js: 1.2.1

  '@vue/compiler-dom@3.5.23':
    dependencies:
      '@vue/compiler-core': 3.5.23
      '@vue/shared': 3.5.23

  '@vue/compiler-sfc@3.5.23':
    dependencies:
      '@babel/parser': 7.28.5
      '@vue/compiler-core': 3.5.23
      '@vue/compiler-dom': 3.5.23
      '@vue/compiler-ssr': 3.5.23
      '@vue/shared': 3.5.23
      estree-walker: 2.0.2
      magic-string: 0.30.21
      postcss: 8.5.6
      source-map-js: 1.2.1

  '@vue/compiler-ssr@3.5.23':
    dependencies:
      '@vue/compiler-dom': 3.5.23
      '@vue/shared': 3.5.23

  '@vue/language-core@3.1.3(typescript@5.9.3)':
    dependencies:
      '@volar/language-core': 2.4.23
      '@vue/compiler-dom': 3.5.23
      '@vue/shared': 3.5.23
      alien-signals: 3.0.6
      muggle-string: 0.4.1
      path-browserify: 1.0.1
      picomatch: 4.0.3
    optionalDependencies:
      typescript: 5.9.3

  '@vue/reactivity@3.5.23':
    dependencies:
      '@vue/shared': 3.5.23

  '@vue/runtime-core@3.5.23':
    dependencies:
      '@vue/reactivity': 3.5.23
      '@vue/shared': 3.5.23

  '@vue/runtime-dom@3.5.23':
    dependencies:
      '@vue/reactivity': 3.5.23
      '@vue/runtime-core': 3.5.23
      '@vue/shared': 3.5.23
      csstype: 3.1.3

  '@vue/server-renderer@3.5.23(vue@3.5.23(typescript@5.9.3))':
    dependencies:
      '@vue/compiler-ssr': 3.5.23
      '@vue/shared': 3.5.23
      vue: 3.5.23(typescript@5.9.3)

  '@vue/shared@3.5.23': {}

  '@vue/tsconfig@0.8.1(typescript@5.9.3)(vue@3.5.23(typescript@5.9.3))':
    optionalDependencies:
      typescript: 5.9.3
      vue: 3.5.23(typescript@5.9.3)

  acorn-walk@8.3.4:
    dependencies:
      acorn: 8.15.0

  acorn@8.15.0: {}

  alien-signals@3.0.6: {}

  ansis@4.2.0: {}

  arg@4.1.3: {}

  array-union@2.1.0: {}

  async@3.2.6: {}

  braces@3.0.3:
    dependencies:
      fill-range: 7.1.1

  commander@13.1.0: {}

  commondir@1.0.1: {}

  create-require@1.1.1: {}

  csstype@3.1.3: {}

  detect-libc@2.1.2: {}

  diff@4.0.2: {}

  dir-glob@3.0.1:
    dependencies:
      path-type: 4.0.0

  email-addresses@5.0.0: {}

  enhanced-resolve@5.18.3:
    dependencies:
      graceful-fs: 4.2.11
      tapable: 2.3.0

  entities@4.5.0: {}

  escape-string-regexp@1.0.5: {}

  estree-walker@2.0.2: {}

  fast-glob@3.3.3:
    dependencies:
      '@nodelib/fs.stat': 2.0.5
      '@nodelib/fs.walk': 1.2.8
      glob-parent: 5.1.2
      merge2: 1.4.1
      micromatch: 4.0.8

  fastq@1.19.1:
    dependencies:
      reusify: 1.1.0

  fdir@6.5.0(picomatch@4.0.3):
    optionalDependencies:
      picomatch: 4.0.3

  filename-reserved-regex@2.0.0: {}

  filenamify@4.3.0:
    dependencies:
      filename-reserved-regex: 2.0.0
      strip-outer: 1.0.1
      trim-repeated: 1.0.0

  fill-range@7.1.1:
    dependencies:
      to-regex-range: 5.0.1

  find-cache-dir@3.3.2:
    dependencies:
      commondir: 1.0.1
      make-dir: 3.1.0
      pkg-dir: 4.2.0

  find-up@4.1.0:
    dependencies:
      locate-path: 5.0.0
      path-exists: 4.0.0

  fs-extra@11.3.2:
    dependencies:
      graceful-fs: 4.2.11
      jsonfile: 6.2.0
      universalify: 2.0.1

  fsevents@2.3.3:
    optional: true

  gh-pages@6.3.0:
    dependencies:
      async: 3.2.6
      commander: 13.1.0
      email-addresses: 5.0.0
      filenamify: 4.3.0
      find-cache-dir: 3.3.2
      fs-extra: 11.3.2
      globby: 11.1.0

  glob-parent@5.1.2:
    dependencies:
      is-glob: 4.0.3

  globby@11.1.0:
    dependencies:
      array-union: 2.1.0
      dir-glob: 3.0.1
      fast-glob: 3.3.3
      ignore: 5.3.2
      merge2: 1.4.1
      slash: 3.0.0

  graceful-fs@4.2.11: {}

  ignore@5.3.2: {}

  is-extglob@2.1.1: {}

  is-glob@4.0.3:
    dependencies:
      is-extglob: 2.1.1

  is-number@7.0.0: {}

  jiti@2.6.1: {}

  jsonfile@6.2.0:
    dependencies:
      universalify: 2.0.1
    optionalDependencies:
      graceful-fs: 4.2.11

  lightningcss-android-arm64@1.30.2:
    optional: true

  lightningcss-darwin-arm64@1.30.2:
    optional: true

  lightningcss-darwin-x64@1.30.2:
    optional: true

  lightningcss-freebsd-x64@1.30.2:
    optional: true

  lightningcss-linux-arm-gnueabihf@1.30.2:
    optional: true

  lightningcss-linux-arm64-gnu@1.30.2:
    optional: true

  lightningcss-linux-arm64-musl@1.30.2:
    optional: true

  lightningcss-linux-x64-gnu@1.30.2:
    optional: true

  lightningcss-linux-x64-musl@1.30.2:
    optional: true

  lightningcss-win32-arm64-msvc@1.30.2:
    optional: true

  lightningcss-win32-x64-msvc@1.30.2:
    optional: true

  lightningcss@1.30.2:
    dependencies:
      detect-libc: 2.1.2
    optionalDependencies:
      lightningcss-android-arm64: 1.30.2
      lightningcss-darwin-arm64: 1.30.2
      lightningcss-darwin-x64: 1.30.2
      lightningcss-freebsd-x64: 1.30.2
      lightningcss-linux-arm-gnueabihf: 1.30.2
      lightningcss-linux-arm64-gnu: 1.30.2
      lightningcss-linux-arm64-musl: 1.30.2
      lightningcss-linux-x64-gnu: 1.30.2
      lightningcss-linux-x64-musl: 1.30.2
      lightningcss-win32-arm64-msvc: 1.30.2
      lightningcss-win32-x64-msvc: 1.30.2

  locate-path@5.0.0:
    dependencies:
      p-locate: 4.1.0

  magic-string@0.30.21:
    dependencies:
      '@jridgewell/sourcemap-codec': 1.5.5

  make-dir@3.1.0:
    dependencies:
      semver: 6.3.1

  make-error@1.3.6: {}

  merge2@1.4.1: {}

  micromatch@4.0.8:
    dependencies:
      braces: 3.0.3
      picomatch: 2.3.1

  muggle-string@0.4.1: {}

  nanoid@3.3.11: {}

  p-limit@2.3.0:
    dependencies:
      p-try: 2.2.0

  p-locate@4.1.0:
    dependencies:
      p-limit: 2.3.0

  p-try@2.2.0: {}

  path-browserify@1.0.1: {}

  path-exists@4.0.0: {}

  path-type@4.0.0: {}

  picocolors@1.1.1: {}

  picomatch@2.3.1: {}

  picomatch@4.0.3: {}

  pkg-dir@4.2.0:
    dependencies:
      find-up: 4.1.0

  postcss@8.5.6:
    dependencies:
      nanoid: 3.3.11
      picocolors: 1.1.1
      source-map-js: 1.2.1

  queue-microtask@1.2.3: {}

  reusify@1.1.0: {}

  rolldown-vite@7.1.14(@types/node@24.10.0)(jiti@2.6.1):
    dependencies:
      '@oxc-project/runtime': 0.92.0
      fdir: 6.5.0(picomatch@4.0.3)
      lightningcss: 1.30.2
      picomatch: 4.0.3
      postcss: 8.5.6
      rolldown: 1.0.0-beta.41
      tinyglobby: 0.2.15
    optionalDependencies:
      '@types/node': 24.10.0
      fsevents: 2.3.3
      jiti: 2.6.1

  rolldown@1.0.0-beta.41:
    dependencies:
      '@oxc-project/types': 0.93.0
      '@rolldown/pluginutils': 1.0.0-beta.41
      ansis: 4.2.0
    optionalDependencies:
      '@rolldown/binding-android-arm64': 1.0.0-beta.41
      '@rolldown/binding-darwin-arm64': 1.0.0-beta.41
      '@rolldown/binding-darwin-x64': 1.0.0-beta.41
      '@rolldown/binding-freebsd-x64': 1.0.0-beta.41
      '@rolldown/binding-linux-arm-gnueabihf': 1.0.0-beta.41
      '@rolldown/binding-linux-arm64-gnu': 1.0.0-beta.41
      '@rolldown/binding-linux-arm64-musl': 1.0.0-beta.41
      '@rolldown/binding-linux-x64-gnu': 1.0.0-beta.41
      '@rolldown/binding-linux-x64-musl': 1.0.0-beta.41
      '@rolldown/binding-openharmony-arm64': 1.0.0-beta.41
      '@rolldown/binding-wasm32-wasi': 1.0.0-beta.41
      '@rolldown/binding-win32-arm64-msvc': 1.0.0-beta.41
      '@rolldown/binding-win32-ia32-msvc': 1.0.0-beta.41
      '@rolldown/binding-win32-x64-msvc': 1.0.0-beta.41

  run-parallel@1.2.0:
    dependencies:
      queue-microtask: 1.2.3

  seedrandom@3.0.5: {}

  semver@6.3.1: {}

  slash@3.0.0: {}

  source-map-js@1.2.1: {}

  strip-outer@1.0.1:
    dependencies:
      escape-string-regexp: 1.0.5

  tailwindcss@4.1.17: {}

  tapable@2.3.0: {}

  tinyglobby@0.2.15:
    dependencies:
      fdir: 6.5.0(picomatch@4.0.3)
      picomatch: 4.0.3

  to-regex-range@5.0.1:
    dependencies:
      is-number: 7.0.0

  trim-repeated@1.0.0:
    dependencies:
      escape-string-regexp: 1.0.5

  ts-node@10.9.2(@types/node@24.10.0)(typescript@5.9.3):
    dependencies:
      '@cspotcode/source-map-support': 0.8.1
      '@tsconfig/node10': 1.0.11
      '@tsconfig/node12': 1.0.11
      '@tsconfig/node14': 1.0.3
      '@tsconfig/node16': 1.0.4
      '@types/node': 24.10.0
      acorn: 8.15.0
      acorn-walk: 8.3.4
      arg: 4.1.3
      create-require: 1.1.1
      diff: 4.0.2
      make-error: 1.3.6
      typescript: 5.9.3
      v8-compile-cache-lib: 3.0.1
      yn: 3.1.1

  tslib@2.8.1:
    optional: true

  typescript@5.9.3: {}

  undici-types@7.16.0: {}

  universalify@2.0.1: {}

  v8-compile-cache-lib@3.0.1: {}

  vscode-uri@3.1.0: {}

  vue-confetti-explosion@1.0.2(vue@3.5.23(typescript@5.9.3)):
    dependencies:
      vue: 3.5.23(typescript@5.9.3)

  vue-tsc@3.1.3(typescript@5.9.3):
    dependencies:
      '@volar/typescript': 2.4.23
      '@vue/language-core': 3.1.3(typescript@5.9.3)
      typescript: 5.9.3

  vue@3.5.23(typescript@5.9.3):
    dependencies:
      '@vue/compiler-dom': 3.5.23
      '@vue/compiler-sfc': 3.5.23
      '@vue/runtime-dom': 3.5.23
      '@vue/server-renderer': 3.5.23(vue@3.5.23(typescript@5.9.3))
      '@vue/shared': 3.5.23
    optionalDependencies:
      typescript: 5.9.3

  yn@3.1.1: {}
